
Microsoft Visual Studio Solution File, Format Version 12.00
# Visual Studio Version 17
VisualStudioVersion = 17.4.33205.214
MinimumVisualStudioVersion = 10.0.40219.1
Project("{9A19103F-16F7-4668-BE54-9A1E7A4F7556}") = "CafeGameApi", "CafeGameApi.csproj", "{6C5C220F-08A0-4346-BBD8-DBFB0F12C3C1}"
EndProject
Global
	GlobalSection(SolutionConfigurationPlatforms) = preSolution
		Debug|Any CPU = Debug|Any CPU
		Release|Any CPU = Release|Any CPU
	EndGlobalSection
	GlobalSection(ProjectConfigurationPlatforms) = postSolution
		{6C5C220F-08A0-4346-BBD8-DBFB0F12C3C1}.Debug|Any CPU.ActiveCfg = Debug|Any CPU
		{6C5C220F-08A0-4346-BBD8-DBFB0F12C3C1}.Debug|Any CPU.Build.0 = Debug|Any CPU
		{6C5C220F-08A0-4346-BBD8-DBFB0F12C3C1}.Release|Any CPU.ActiveCfg = Release|Any CPU
		{6C5C220F-08A0-4346-BBD8-DBFB0F12C3C1}.Release|Any CPU.Build.0 = Release|Any CPU
	EndGlobalSection
	GlobalSection(SolutionProperties) = preSolution
		HideSolutionNode = FALSE
	EndGlobalSection
	GlobalSection(ExtensibilityGlobals) = postSolution
		SolutionGuid = {58D5F0FD-71AA-4021-9532-8103E55B2A4D}
	EndGlobalSection
EndGlobal
